
Microsoft Visual Studio Solution File, Format Version 12.00
# Visual Studio Version 17
VisualStudioVersion = 17.11.35303.130
MinimumVisualStudioVersion = 10.0.40219.1
Project("{9A19103F-16F7-4668-BE54-9A1E7A4F7556}") = "Transactions", "Transactions\Transactions.csproj", "{FFE65FA4-DB18-464D-8213-B9B1D8DCB7CA}"
EndProject
Project("{9A19103F-16F7-4668-BE54-9A1E7A4F7556}") = "AntiFraud", "AntiFraud\AntiFraud.csproj", "{FFD4EEA7-5629-4B75-AD1D-45CB9A1E81BE}"
EndProject
Project("{FAE04EC0-301F-11D3-BF4B-00C04F79EFBC}") = "DataBase", "DataBase\DataBase.csproj", "{EA7820F8-5381-48EB-B4C4-5B28FC40B5D0}"
EndProject
Global
	GlobalSection(SolutionConfigurationPlatforms) = preSolution
		Debug|Any CPU = Debug|Any CPU
		Release|Any CPU = Release|Any CPU
	EndGlobalSection
	GlobalSection(ProjectConfigurationPlatforms) = postSolution
		{FFE65FA4-DB18-464D-8213-B9B1D8DCB7CA}.Debug|Any CPU.ActiveCfg = Debug|Any CPU
		{FFE65FA4-DB18-464D-8213-B9B1D8DCB7CA}.Debug|Any CPU.Build.0 = Debug|Any CPU
		{FFE65FA4-DB18-464D-8213-B9B1D8DCB7CA}.Release|Any CPU.ActiveCfg = Release|Any CPU
		{FFE65FA4-DB18-464D-8213-B9B1D8DCB7CA}.Release|Any CPU.Build.0 = Release|Any CPU
		{FFD4EEA7-5629-4B75-AD1D-45CB9A1E81BE}.Debug|Any CPU.ActiveCfg = Debug|Any CPU
		{FFD4EEA7-5629-4B75-AD1D-45CB9A1E81BE}.Debug|Any CPU.Build.0 = Debug|Any CPU
		{FFD4EEA7-5629-4B75-AD1D-45CB9A1E81BE}.Release|Any CPU.ActiveCfg = Release|Any CPU
		{FFD4EEA7-5629-4B75-AD1D-45CB9A1E81BE}.Release|Any CPU.Build.0 = Release|Any CPU
		{EA7820F8-5381-48EB-B4C4-5B28FC40B5D0}.Debug|Any CPU.ActiveCfg = Debug|Any CPU
		{EA7820F8-5381-48EB-B4C4-5B28FC40B5D0}.Debug|Any CPU.Build.0 = Debug|Any CPU
		{EA7820F8-5381-48EB-B4C4-5B28FC40B5D0}.Release|Any CPU.ActiveCfg = Release|Any CPU
		{EA7820F8-5381-48EB-B4C4-5B28FC40B5D0}.Release|Any CPU.Build.0 = Release|Any CPU
	EndGlobalSection
	GlobalSection(SolutionProperties) = preSolution
		HideSolutionNode = FALSE
	EndGlobalSection
	GlobalSection(ExtensibilityGlobals) = postSolution
		SolutionGuid = {B4634A66-10CB-4986-B6D8-6A833825E09F}
	EndGlobalSection
EndGlobal
